
Microsoft Visual Studio Solution File, Format Version 12.00
# Visual Studio Version 17
VisualStudioVersion = 17.12.35707.178
MinimumVisualStudioVersion = 10.0.40219.1
Project("{FAE04EC0-301F-11D3-BF4B-00C04F79EFBC}") = "ConsoleApp.OutputDemo", "ConsoleApp.OutputDemo\ConsoleApp.OutputDemo.csproj", "{1B97D526-485E-4FA5-BD97-9E48EDE3FFB3}"
EndProject
Project("{FAE04EC0-301F-11D3-BF4B-00C04F79EFBC}") = "ConsoleApp.VariablesDemo", "ConsoleApp.VariablesDemo\ConsoleApp.VariablesDemo.csproj", "{D8E6130E-70B7-4938-BC4E-9B8176204060}"
EndProject
Project("{FAE04EC0-301F-11D3-BF4B-00C04F79EFBC}") = "ConsoleApp.UserInputDemo", "ConsoleApp.UserInputDemo\ConsoleApp.UserInputDemo.csproj", "{B09643FA-3521-48EA-A3B3-CB15F5DAC9DE}"
EndProject
Project("{FAE04EC0-301F-11D3-BF4B-00C04F79EFBC}") = "ConsoleApp.OperatorsDemo", "ConsoleApp.Operators\ConsoleApp.OperatorsDemo.csproj", "{1D7C1526-D529-419E-ADEF-13F09D6C8A0B}"
EndProject
Project("{FAE04EC0-301F-11D3-BF4B-00C04F79EFBC}") = "ConsoleApp.ConditionsAndDecisions", "ConsoleApp.ConditionsAndDecisions\ConsoleApp.ConditionsAndDecisions.csproj", "{BF2392C9-2A54-43AF-977E-62055021C2AC}"
EndProject
Project("{FAE04EC0-301F-11D3-BF4B-00C04F79EFBC}") = "ConsoleApp.SampleCalculator", "ConsoleApp.SampleCalculator\ConsoleApp.SampleCalculator.csproj", "{F7CAC4BA-9978-4286-9F8F-FE4139F1D866}"
EndProject
Project("{FAE04EC0-301F-11D3-BF4B-00C04F79EFBC}") = "ConsoleApp.Loops", "ConsoleApp.Loops\ConsoleApp.Loops.csproj", "{DDFBC044-AC41-4728-AA57-B131A7AFB308}"
EndProject
Project("{FAE04EC0-301F-11D3-BF4B-00C04F79EFBC}") = "ConsoleApp.ExceptionHandlingDemo", "ConsoleApp.ExceptionHandlingDemo\ConsoleApp.ExceptionHandlingDemo.csproj", "{986AE7FA-1390-4C40-A1F8-2E36CFB317D9}"
EndProject
Project("{FAE04EC0-301F-11D3-BF4B-00C04F79EFBC}") = "ConsoleApp.StringManipulation", "ConsoleApp.StringManipulation\ConsoleApp.StringManipulation.csproj", "{247E9DFC-13C3-4D05-8C01-8121762A7F5B}"
EndProject
Project("{FAE04EC0-301F-11D3-BF4B-00C04F79EFBC}") = "ConsoleApp.DateTimeManipulation", "ConsoleApp.DateTimeManipulation\ConsoleApp.DateTimeManipulation.csproj", "{664352AD-4789-4D43-9BD6-9B34010F464B}"
EndProject
Project("{FAE04EC0-301F-11D3-BF4B-00C04F79EFBC}") = "ConsoleApp.Methods", "ConsoleApp.Methods\ConsoleApp.Methods.csproj", "{C85BD3C9-27D2-471C-A2D8-014FC78E0252}"
EndProject
Global
	GlobalSection(SolutionConfigurationPlatforms) = preSolution
		Debug|Any CPU = Debug|Any CPU
		Release|Any CPU = Release|Any CPU
	EndGlobalSection
	GlobalSection(ProjectConfigurationPlatforms) = postSolution
		{1B97D526-485E-4FA5-BD97-9E48EDE3FFB3}.Debug|Any CPU.ActiveCfg = Debug|Any CPU
		{1B97D526-485E-4FA5-BD97-9E48EDE3FFB3}.Debug|Any CPU.Build.0 = Debug|Any CPU
		{1B97D526-485E-4FA5-BD97-9E48EDE3FFB3}.Release|Any CPU.ActiveCfg = Release|Any CPU
		{1B97D526-485E-4FA5-BD97-9E48EDE3FFB3}.Release|Any CPU.Build.0 = Release|Any CPU
		{D8E6130E-70B7-4938-BC4E-9B8176204060}.Debug|Any CPU.ActiveCfg = Debug|Any CPU
		{D8E6130E-70B7-4938-BC4E-9B8176204060}.Debug|Any CPU.Build.0 = Debug|Any CPU
		{D8E6130E-70B7-4938-BC4E-9B8176204060}.Release|Any CPU.ActiveCfg = Release|Any CPU
		{D8E6130E-70B7-4938-BC4E-9B8176204060}.Release|Any CPU.Build.0 = Release|Any CPU
		{B09643FA-3521-48EA-A3B3-CB15F5DAC9DE}.Debug|Any CPU.ActiveCfg = Debug|Any CPU
		{B09643FA-3521-48EA-A3B3-CB15F5DAC9DE}.Debug|Any CPU.Build.0 = Debug|Any CPU
		{B09643FA-3521-48EA-A3B3-CB15F5DAC9DE}.Release|Any CPU.ActiveCfg = Release|Any CPU
		{B09643FA-3521-48EA-A3B3-CB15F5DAC9DE}.Release|Any CPU.Build.0 = Release|Any CPU
		{1D7C1526-D529-419E-ADEF-13F09D6C8A0B}.Debug|Any CPU.ActiveCfg = Debug|Any CPU
		{1D7C1526-D529-419E-ADEF-13F09D6C8A0B}.Debug|Any CPU.Build.0 = Debug|Any CPU
		{1D7C1526-D529-419E-ADEF-13F09D6C8A0B}.Release|Any CPU.ActiveCfg = Release|Any CPU
		{1D7C1526-D529-419E-ADEF-13F09D6C8A0B}.Release|Any CPU.Build.0 = Release|Any CPU
		{BF2392C9-2A54-43AF-977E-62055021C2AC}.Debug|Any CPU.ActiveCfg = Debug|Any CPU
		{BF2392C9-2A54-43AF-977E-62055021C2AC}.Debug|Any CPU.Build.0 = Debug|Any CPU
		{BF2392C9-2A54-43AF-977E-62055021C2AC}.Release|Any CPU.ActiveCfg = Release|Any CPU
		{BF2392C9-2A54-43AF-977E-62055021C2AC}.Release|Any CPU.Build.0 = Release|Any CPU
		{F7CAC4BA-9978-4286-9F8F-FE4139F1D866}.Debug|Any CPU.ActiveCfg = Debug|Any CPU
		{F7CAC4BA-9978-4286-9F8F-FE4139F1D866}.Debug|Any CPU.Build.0 = Debug|Any CPU
		{F7CAC4BA-9978-4286-9F8F-FE4139F1D866}.Release|Any CPU.ActiveCfg = Release|Any CPU
		{F7CAC4BA-9978-4286-9F8F-FE4139F1D866}.Release|Any CPU.Build.0 = Release|Any CPU
		{DDFBC044-AC41-4728-AA57-B131A7AFB308}.Debug|Any CPU.ActiveCfg = Debug|Any CPU
		{DDFBC044-AC41-4728-AA57-B131A7AFB308}.Debug|Any CPU.Build.0 = Debug|Any CPU
		{DDFBC044-AC41-4728-AA57-B131A7AFB308}.Release|Any CPU.ActiveCfg = Release|Any CPU
		{DDFBC044-AC41-4728-AA57-B131A7AFB308}.Release|Any CPU.Build.0 = Release|Any CPU
		{986AE7FA-1390-4C40-A1F8-2E36CFB317D9}.Debug|Any CPU.ActiveCfg = Debug|Any CPU
		{986AE7FA-1390-4C40-A1F8-2E36CFB317D9}.Debug|Any CPU.Build.0 = Debug|Any CPU
		{986AE7FA-1390-4C40-A1F8-2E36CFB317D9}.Release|Any CPU.ActiveCfg = Release|Any CPU
		{986AE7FA-1390-4C40-A1F8-2E36CFB317D9}.Release|Any CPU.Build.0 = Release|Any CPU
		{247E9DFC-13C3-4D05-8C01-8121762A7F5B}.Debug|Any CPU.ActiveCfg = Debug|Any CPU
		{247E9DFC-13C3-4D05-8C01-8121762A7F5B}.Debug|Any CPU.Build.0 = Debug|Any CPU
		{247E9DFC-13C3-4D05-8C01-8121762A7F5B}.Release|Any CPU.ActiveCfg = Release|Any CPU
		{247E9DFC-13C3-4D05-8C01-8121762A7F5B}.Release|Any CPU.Build.0 = Release|Any CPU
		{664352AD-4789-4D43-9BD6-9B34010F464B}.Debug|Any CPU.ActiveCfg = Debug|Any CPU
		{664352AD-4789-4D43-9BD6-9B34010F464B}.Debug|Any CPU.Build.0 = Debug|Any CPU
		{664352AD-4789-4D43-9BD6-9B34010F464B}.Release|Any CPU.ActiveCfg = Release|Any CPU
		{664352AD-4789-4D43-9BD6-9B34010F464B}.Release|Any CPU.Build.0 = Release|Any CPU
		{C85BD3C9-27D2-471C-A2D8-014FC78E0252}.Debug|Any CPU.ActiveCfg = Debug|Any CPU
		{C85BD3C9-27D2-471C-A2D8-014FC78E0252}.Debug|Any CPU.Build.0 = Debug|Any CPU
		{C85BD3C9-27D2-471C-A2D8-014FC78E0252}.Release|Any CPU.ActiveCfg = Release|Any CPU
		{C85BD3C9-27D2-471C-A2D8-014FC78E0252}.Release|Any CPU.Build.0 = Release|Any CPU
	EndGlobalSection
	GlobalSection(SolutionProperties) = preSolution
		HideSolutionNode = FALSE
	EndGlobalSection
	GlobalSection(ExtensibilityGlobals) = postSolution
		SolutionGuid = {67445E39-1971-41B4-92ED-2A301D60E116}
	EndGlobalSection
EndGlobal
